// !$*UTF8*$!
{
	archiveVersion = 1;
	classes = {
	};
	objectVersion = 50;
	objects = {

/* Begin PBXBuildFile section */
		96993B352755314500C3DD3B /* learning_app_swiftApp.swift in Sources */ = {isa = PBXBuildFile; fileRef = 96993B342755314500C3DD3B /* learning_app_swiftApp.swift */; };
		96993B392755314F00C3DD3B /* Assets.xcassets in Resources */ = {isa = PBXBuildFile; fileRef = 96993B382755314F00C3DD3B /* Assets.xcassets */; };
		96993B3C2755314F00C3DD3B /* Preview Assets.xcassets in Resources */ = {isa = PBXBuildFile; fileRef = 96993B3B2755314F00C3DD3B /* Preview Assets.xcassets */; };
		96993B462755322600C3DD3B /* ContentModel.swift in Sources */ = {isa = PBXBuildFile; fileRef = 96993B452755322600C3DD3B /* ContentModel.swift */; };
		96993B4D2755327B00C3DD3B /* HomeView.swift in Sources */ = {isa = PBXBuildFile; fileRef = 96993B4C2755327B00C3DD3B /* HomeView.swift */; };
		96993B542756679500C3DD3B /* Models.swift in Sources */ = {isa = PBXBuildFile; fileRef = 96993B532756679500C3DD3B /* Models.swift */; };
		96993B5727566B7100C3DD3B /* data.json in Resources */ = {isa = PBXBuildFile; fileRef = 96993B5627566B7100C3DD3B /* data.json */; };
		96993B5A27566BA300C3DD3B /* style.html in Resources */ = {isa = PBXBuildFile; fileRef = 96993B5927566BA300C3DD3B /* style.html */; };
		96993B5D27566E7500C3DD3B /* HomeViewRow.swift in Sources */ = {isa = PBXBuildFile; fileRef = 96993B5C27566E7500C3DD3B /* HomeViewRow.swift */; };
		96993B602756813600C3DD3B /* ContentView.swift in Sources */ = {isa = PBXBuildFile; fileRef = 96993B5F2756813600C3DD3B /* ContentView.swift */; };
		96993B632757B82000C3DD3B /* ContentViewRow.swift in Sources */ = {isa = PBXBuildFile; fileRef = 96993B622757B82000C3DD3B /* ContentViewRow.swift */; };
		96993B662757CA6600C3DD3B /* ContentDetailView.swift in Sources */ = {isa = PBXBuildFile; fileRef = 96993B652757CA6600C3DD3B /* ContentDetailView.swift */; };
		96993B692757CCC500C3DD3B /* Constants.swift in Sources */ = {isa = PBXBuildFile; fileRef = 96993B682757CCC500C3DD3B /* Constants.swift */; };
/* End PBXBuildFile section */

/* Begin PBXFileReference section */
		96993B312755314500C3DD3B /* learning-app.swift.app */ = {isa = PBXFileReference; explicitFileType = wrapper.application; includeInIndex = 0; path = "learning-app.swift.app"; sourceTree = BUILT_PRODUCTS_DIR; };
		96993B342755314500C3DD3B /* learning_app_swiftApp.swift */ = {isa = PBXFileReference; lastKnownFileType = sourcecode.swift; path = learning_app_swiftApp.swift; sourceTree = "<group>"; };
		96993B382755314F00C3DD3B /* Assets.xcassets */ = {isa = PBXFileReference; lastKnownFileType = folder.assetcatalog; path = Assets.xcassets; sourceTree = "<group>"; };
		96993B3B2755314F00C3DD3B /* Preview Assets.xcassets */ = {isa = PBXFileReference; lastKnownFileType = folder.assetcatalog; path = "Preview Assets.xcassets"; sourceTree = "<group>"; };
		96993B3D2755314F00C3DD3B /* Info.plist */ = {isa = PBXFileReference; lastKnownFileType = text.plist.xml; path = Info.plist; sourceTree = "<group>"; };
		96993B452755322600C3DD3B /* ContentModel.swift */ = {isa = PBXFileReference; lastKnownFileType = sourcecode.swift; path = ContentModel.swift; sourceTree = "<group>"; };
		96993B4C2755327B00C3DD3B /* HomeView.swift */ = {isa = PBXFileReference; lastKnownFileType = sourcecode.swift; path = HomeView.swift; sourceTree = "<group>"; };
		96993B532756679500C3DD3B /* Models.swift */ = {isa = PBXFileReference; lastKnownFileType = sourcecode.swift; path = Models.swift; sourceTree = "<group>"; };
		96993B5627566B7100C3DD3B /* data.json */ = {isa = PBXFileReference; lastKnownFileType = text.json; path = data.json; sourceTree = "<group>"; };
		96993B5927566BA300C3DD3B /* style.html */ = {isa = PBXFileReference; lastKnownFileType = text.html; path = style.html; sourceTree = "<group>"; };
		96993B5C27566E7500C3DD3B /* HomeViewRow.swift */ = {isa = PBXFileReference; lastKnownFileType = sourcecode.swift; path = HomeViewRow.swift; sourceTree = "<group>"; };
		96993B5F2756813600C3DD3B /* ContentView.swift */ = {isa = PBXFileReference; lastKnownFileType = sourcecode.swift; path = ContentView.swift; sourceTree = "<group>"; };
		96993B622757B82000C3DD3B /* ContentViewRow.swift */ = {isa = PBXFileReference; lastKnownFileType = sourcecode.swift; path = ContentViewRow.swift; sourceTree = "<group>"; };
		96993B652757CA6600C3DD3B /* ContentDetailView.swift */ = {isa = PBXFileReference; lastKnownFileType = sourcecode.swift; path = ContentDetailView.swift; sourceTree = "<group>"; };
		96993B682757CCC500C3DD3B /* Constants.swift */ = {isa = PBXFileReference; lastKnownFileType = sourcecode.swift; path = Constants.swift; sourceTree = "<group>"; };
/* End PBXFileReference section */

/* Begin PBXFrameworksBuildPhase section */
		96993B2E2755314500C3DD3B /* Frameworks */ = {
			isa = PBXFrameworksBuildPhase;
			buildActionMask = 2147483647;
			files = (
			);
			runOnlyForDeploymentPostprocessing = 0;
		};
/* End PBXFrameworksBuildPhase section */

/* Begin PBXGroup section */
		96993B282755314400C3DD3B = {
			isa = PBXGroup;
			children = (
				96993B332755314500C3DD3B /* learning-app.swift */,
				96993B322755314500C3DD3B /* Products */,
			);
			sourceTree = "<group>";
		};
		96993B322755314500C3DD3B /* Products */ = {
			isa = PBXGroup;
			children = (
				96993B312755314500C3DD3B /* learning-app.swift.app */,
			);
			name = Products;
			sourceTree = "<group>";
		};
		96993B332755314500C3DD3B /* learning-app.swift */ = {
			isa = PBXGroup;
			children = (
				96993B512755334400C3DD3B /* Helpers */,
				96993B502755333C00C3DD3B /* Resources */,
				96993B4F2755333500C3DD3B /* Models */,
				96993B492755325A00C3DD3B /* Views */,
				96993B442755320100C3DD3B /* ViewModels */,
				96993B342755314500C3DD3B /* learning_app_swiftApp.swift */,
				96993B382755314F00C3DD3B /* Assets.xcassets */,
				96993B3D2755314F00C3DD3B /* Info.plist */,
				96993B3A2755314F00C3DD3B /* Preview Content */,
			);
			path = "learning-app.swift";
			sourceTree = "<group>";
		};
		96993B3A2755314F00C3DD3B /* Preview Content */ = {
			isa = PBXGroup;
			children = (
				96993B3B2755314F00C3DD3B /* Preview Assets.xcassets */,
			);
			path = "Preview Content";
			sourceTree = "<group>";
		};
		96993B442755320100C3DD3B /* ViewModels */ = {
			isa = PBXGroup;
			children = (
				96993B452755322600C3DD3B /* ContentModel.swift */,
			);
			path = ViewModels;
			sourceTree = "<group>";
		};
		96993B492755325A00C3DD3B /* Views */ = {
			isa = PBXGroup;
			children = (
				96993B4C2755327B00C3DD3B /* HomeView.swift */,
				96993B5C27566E7500C3DD3B /* HomeViewRow.swift */,
				96993B5F2756813600C3DD3B /* ContentView.swift */,
				96993B622757B82000C3DD3B /* ContentViewRow.swift */,
				96993B652757CA6600C3DD3B /* ContentDetailView.swift */,
			);
			path = Views;
			sourceTree = "<group>";
		};
		96993B4F2755333500C3DD3B /* Models */ = {
			isa = PBXGroup;
			children = (
				96993B532756679500C3DD3B /* Models.swift */,
			);
			path = Models;
			sourceTree = "<group>";
		};
		96993B502755333C00C3DD3B /* Resources */ = {
			isa = PBXGroup;
			children = (
				96993B5627566B7100C3DD3B /* data.json */,
				96993B5927566BA300C3DD3B /* style.html */,
				96993B682757CCC500C3DD3B /* Constants.swift */,
			);
			path = Resources;
			sourceTree = "<group>";
		};
		96993B512755334400C3DD3B /* Helpers */ = {
			isa = PBXGroup;
			children = (
			);
			path = Helpers;
			sourceTree = "<group>";
		};
/* End PBXGroup section */

/* Begin PBXNativeTarget section */
		96993B302755314500C3DD3B /* learning-app.swift */ = {
			isa = PBXNativeTarget;
			buildConfigurationList = 96993B402755314F00C3DD3B /* Build configuration list for PBXNativeTarget "learning-app.swift" */;
			buildPhases = (
				96993B2D2755314500C3DD3B /* Sources */,
				96993B2E2755314500C3DD3B /* Frameworks */,
				96993B2F2755314500C3DD3B /* Resources */,
			);
			buildRules = (
			);
			dependencies = (
			);
			name = "learning-app.swift";
			productName = "learning-app.swift";
			productReference = 96993B312755314500C3DD3B /* learning-app.swift.app */;
			productType = "com.apple.product-type.application";
		};
/* End PBXNativeTarget section */

/* Begin PBXProject section */
		96993B292755314400C3DD3B /* Project object */ = {
			isa = PBXProject;
			attributes = {
				LastSwiftUpdateCheck = 1240;
				LastUpgradeCheck = 1240;
				TargetAttributes = {
					96993B302755314500C3DD3B = {
						CreatedOnToolsVersion = 12.4;
					};
				};
			};
			buildConfigurationList = 96993B2C2755314400C3DD3B /* Build configuration list for PBXProject "learning-app.swift" */;
			compatibilityVersion = "Xcode 9.3";
			developmentRegion = en;
			hasScannedForEncodings = 0;
			knownRegions = (
				en,
				Base,
			);
			mainGroup = 96993B282755314400C3DD3B;
			productRefGroup = 96993B322755314500C3DD3B /* Products */;
			projectDirPath = "";
			projectRoot = "";
			targets = (
				96993B302755314500C3DD3B /* learning-app.swift */,
			);
		};
/* End PBXProject section */

/* Begin PBXResourcesBuildPhase section */
		96993B2F2755314500C3DD3B /* Resources */ = {
			isa = PBXResourcesBuildPhase;
			buildActionMask = 2147483647;
			files = (
				96993B3C2755314F00C3DD3B /* Preview Assets.xcassets in Resources */,
				96993B5727566B7100C3DD3B /* data.json in Resources */,
				96993B5A27566BA300C3DD3B /* style.html in Resources */,
				96993B392755314F00C3DD3B /* Assets.xcassets in Resources */,
			);
			runOnlyForDeploymentPostprocessing = 0;
		};
/* End PBXResourcesBuildPhase section */

/* Begin PBXSourcesBuildPhase section */
		96993B2D2755314500C3DD3B /* Sources */ = {
			isa = PBXSourcesBuildPhase;
			buildActionMask = 2147483647;
			files = (
				96993B4D2755327B00C3DD3B /* HomeView.swift in Sources */,
				96993B5D27566E7500C3DD3B /* HomeViewRow.swift in Sources */,
				96993B602756813600C3DD3B /* ContentView.swift in Sources */,
				96993B662757CA6600C3DD3B /* ContentDetailView.swift in Sources */,
				96993B352755314500C3DD3B /* learning_app_swiftApp.swift in Sources */,
				96993B632757B82000C3DD3B /* ContentViewRow.swift in Sources */,
				96993B462755322600C3DD3B /* ContentModel.swift in Sources */,
				96993B542756679500C3DD3B /* Models.swift in Sources */,
				96993B692757CCC500C3DD3B /* Constants.swift in Sources */,
			);
			runOnlyForDeploymentPostprocessing = 0;
		};
/* End PBXSourcesBuildPhase section */

/* Begin XCBuildConfiguration section */
		96993B3E2755314F00C3DD3B /* Debug */ = {
			isa = XCBuildConfiguration;
			buildSettings = {
				ALWAYS_SEARCH_USER_PATHS = NO;
				CLANG_ANALYZER_NONNULL = YES;
				CLANG_ANALYZER_NUMBER_OBJECT_CONVERSION = YES_AGGRESSIVE;
				CLANG_CXX_LANGUAGE_STANDARD = "gnu++14";
				CLANG_CXX_LIBRARY = "libc++";
				CLANG_ENABLE_MODULES = YES;
				CLANG_ENABLE_OBJC_ARC = YES;
				CLANG_ENABLE_OBJC_WEAK = YES;
				CLANG_WARN_BLOCK_CAPTURE_AUTORELEASING = YES;
				CLANG_WARN_BOOL_CONVERSION = YES;
				CLANG_WARN_COMMA = YES;
				CLANG_WARN_CONSTANT_CONVERSION = YES;
				CLANG_WARN_DEPRECATED_OBJC_IMPLEMENTATIONS = YES;
				CLANG_WARN_DIRECT_OBJC_ISA_USAGE = YES_ERROR;
				CLANG_WARN_DOCUMENTATION_COMMENTS = YES;
				CLANG_WARN_EMPTY_BODY = YES;
				CLANG_WARN_ENUM_CONVERSION = YES;
				CLANG_WARN_INFINITE_RECURSION = YES;
				CLANG_WARN_INT_CONVERSION = YES;
				CLANG_WARN_NON_LITERAL_NULL_CONVERSION = YES;
				CLANG_WARN_OBJC_IMPLICIT_RETAIN_SELF = YES;
				CLANG_WARN_OBJC_LITERAL_CONVERSION = YES;
				CLANG_WARN_OBJC_ROOT_CLASS = YES_ERROR;
				CLANG_WARN_QUOTED_INCLUDE_IN_FRAMEWORK_HEADER = YES;
				CLANG_WARN_RANGE_LOOP_ANALYSIS = YES;
				CLANG_WARN_STRICT_PROTOTYPES = YES;
				CLANG_WARN_SUSPICIOUS_MOVE = YES;
				CLANG_WARN_UNGUARDED_AVAILABILITY = YES_AGGRESSIVE;
				CLANG_WARN_UNREACHABLE_CODE = YES;
				CLANG_WARN__DUPLICATE_METHOD_MATCH = YES;
				COPY_PHASE_STRIP = NO;
				DEBUG_INFORMATION_FORMAT = dwarf;
				ENABLE_STRICT_OBJC_MSGSEND = YES;
				ENABLE_TESTABILITY = YES;
				GCC_C_LANGUAGE_STANDARD = gnu11;
				GCC_DYNAMIC_NO_PIC = NO;
				GCC_NO_COMMON_BLOCKS = YES;
				GCC_OPTIMIZATION_LEVEL = 0;
				GCC_PREPROCESSOR_DEFINITIONS = (
					"DEBUG=1",
					"$(inherited)",
				);
				GCC_WARN_64_TO_32_BIT_CONVERSION = YES;
				GCC_WARN_ABOUT_RETURN_TYPE = YES_ERROR;
				GCC_WARN_UNDECLARED_SELECTOR = YES;
				GCC_WARN_UNINITIALIZED_AUTOS = YES_AGGRESSIVE;
				GCC_WARN_UNUSED_FUNCTION = YES;
				GCC_WARN_UNUSED_VARIABLE = YES;
				IPHONEOS_DEPLOYMENT_TARGET = 14.4;
				MTL_ENABLE_DEBUG_INFO = INCLUDE_SOURCE;
				MTL_FAST_MATH = YES;
				ONLY_ACTIVE_ARCH = YES;
				SDKROOT = iphoneos;
				SWIFT_ACTIVE_COMPILATION_CONDITIONS = DEBUG;
				SWIFT_OPTIMIZATION_LEVEL = "-Onone";
			};
			name = Debug;
		};
		96993B3F2755314F00C3DD3B /* Release */ = {
			isa = XCBuildConfiguration;
			buildSettings = {
				ALWAYS_SEARCH_USER_PATHS = NO;
				CLANG_ANALYZER_NONNULL = YES;
				CLANG_ANALYZER_NUMBER_OBJECT_CONVERSION = YES_AGGRESSIVE;
				CLANG_CXX_LANGUAGE_STANDARD = "gnu++14";
				CLANG_CXX_LIBRARY = "libc++";
				CLANG_ENABLE_MODULES = YES;
				CLANG_ENABLE_OBJC_ARC = YES;
				CLANG_ENABLE_OBJC_WEAK = YES;
				CLANG_WARN_BLOCK_CAPTURE_AUTORELEASING = YES;
				CLANG_WARN_BOOL_CONVERSION = YES;
				CLANG_WARN_COMMA = YES;
				CLANG_WARN_CONSTANT_CONVERSION = YES;
				CLANG_WARN_DEPRECATED_OBJC_IMPLEMENTATIONS = YES;
				CLANG_WARN_DIRECT_OBJC_ISA_USAGE = YES_ERROR;
				CLANG_WARN_DOCUMENTATION_COMMENTS = YES;
				CLANG_WARN_EMPTY_BODY = YES;
				CLANG_WARN_ENUM_CONVERSION = YES;
				CLANG_WARN_INFINITE_RECURSION = YES;
				CLANG_WARN_INT_CONVERSION = YES;
				CLANG_WARN_NON_LITERAL_NULL_CONVERSION = YES;
				CLANG_WARN_OBJC_IMPLICIT_RETAIN_SELF = YES;
				CLANG_WARN_OBJC_LITERAL_CONVERSION = YES;
				CLANG_WARN_OBJC_ROOT_CLASS = YES_ERROR;
				CLANG_WARN_QUOTED_INCLUDE_IN_FRAMEWORK_HEADER = YES;
				CLANG_WARN_RANGE_LOOP_ANALYSIS = YES;
				CLANG_WARN_STRICT_PROTOTYPES = YES;
				CLANG_WARN_SUSPICIOUS_MOVE = YES;
				CLANG_WARN_UNGUARDED_AVAILABILITY = YES_AGGRESSIVE;
				CLANG_WARN_UNREACHABLE_CODE = YES;
				CLANG_WARN__DUPLICATE_METHOD_MATCH = YES;
				COPY_PHASE_STRIP = NO;
				DEBUG_INFORMATION_FORMAT = "dwarf-with-dsym";
				ENABLE_NS_ASSERTIONS = NO;
				ENABLE_STRICT_OBJC_MSGSEND = YES;
				GCC_C_LANGUAGE_STANDARD = gnu11;
				GCC_NO_COMMON_BLOCKS = YES;
				GCC_WARN_64_TO_32_BIT_CONVERSION = YES;
				GCC_WARN_ABOUT_RETURN_TYPE = YES_ERROR;
				GCC_WARN_UNDECLARED_SELECTOR = YES;
				GCC_WARN_UNINITIALIZED_AUTOS = YES_AGGRESSIVE;
				GCC_WARN_UNUSED_FUNCTION = YES;
				GCC_WARN_UNUSED_VARIABLE = YES;
				IPHONEOS_DEPLOYMENT_TARGET = 14.4;
				MTL_ENABLE_DEBUG_INFO = NO;
				MTL_FAST_MATH = YES;
				SDKROOT = iphoneos;
				SWIFT_COMPILATION_MODE = wholemodule;
				SWIFT_OPTIMIZATION_LEVEL = "-O";
				VALIDATE_PRODUCT = YES;
			};
			name = Release;
		};
		96993B412755314F00C3DD3B /* Debug */ = {
			isa = XCBuildConfiguration;
			buildSettings = {
				ASSETCATALOG_COMPILER_APPICON_NAME = AppIcon;
				ASSETCATALOG_COMPILER_GLOBAL_ACCENT_COLOR_NAME = AccentColor;
				CODE_SIGN_STYLE = Automatic;
				DEVELOPMENT_ASSET_PATHS = "\"learning-app.swift/Preview Content\"";
				ENABLE_PREVIEWS = YES;
				INFOPLIST_FILE = "learning-app.swift/Info.plist";
				IPHONEOS_DEPLOYMENT_TARGET = 14.0;
				LD_RUNPATH_SEARCH_PATHS = (
					"$(inherited)",
					"@executable_path/Frameworks",
				);
				PRODUCT_BUNDLE_IDENTIFIER = "Luiz.learning-app-swift";
				PRODUCT_NAME = "$(TARGET_NAME)";
				SWIFT_VERSION = 5.0;
				TARGETED_DEVICE_FAMILY = "1,2";
			};
			name = Debug;
		};
		96993B422755314F00C3DD3B /* Release */ = {
			isa = XCBuildConfiguration;
			buildSettings = {
				ASSETCATALOG_COMPILER_APPICON_NAME = AppIcon;
				ASSETCATALOG_COMPILER_GLOBAL_ACCENT_COLOR_NAME = AccentColor;
				CODE_SIGN_STYLE = Automatic;
				DEVELOPMENT_ASSET_PATHS = "\"learning-app.swift/Preview Content\"";
				ENABLE_PREVIEWS = YES;
				INFOPLIST_FILE = "learning-app.swift/Info.plist";
				IPHONEOS_DEPLOYMENT_TARGET = 14.0;
				LD_RUNPATH_SEARCH_PATHS = (
					"$(inherited)",
					"@executable_path/Frameworks",
				);
				PRODUCT_BUNDLE_IDENTIFIER = "Luiz.learning-app-swift";
				PRODUCT_NAME = "$(TARGET_NAME)";
				SWIFT_VERSION = 5.0;
				TARGETED_DEVICE_FAMILY = "1,2";
			};
			name = Release;
		};
/* End XCBuildConfiguration section */

/* Begin XCConfigurationList section */
		96993B2C2755314400C3DD3B /* Build configuration list for PBXProject "learning-app.swift" */ = {
			isa = XCConfigurationList;
			buildConfigurations = (
				96993B3E2755314F00C3DD3B /* Debug */,
				96993B3F2755314F00C3DD3B /* Release */,
			);
			defaultConfigurationIsVisible = 0;
			defaultConfigurationName = Release;
		};
		96993B402755314F00C3DD3B /* Build configuration list for PBXNativeTarget "learning-app.swift" */ = {
			isa = XCConfigurationList;
			buildConfigurations = (
				96993B412755314F00C3DD3B /* Debug */,
				96993B422755314F00C3DD3B /* Release */,
			);
			defaultConfigurationIsVisible = 0;
			defaultConfigurationName = Release;
		};
/* End XCConfigurationList section */
	};
	rootObject = 96993B292755314400C3DD3B /* Project object */;
}
